Microsoft Visual Studio Solution File, Format Version 12.00
# Visual Studio Version 17
VisualStudioVersion = 17.10.35122.118
MinimumVisualStudioVersion = 10.0.40219.1
Project("{2150E333-8FDC-42A3-9474-1A3956D46DE8}") = "src", "src", "{39440981-0299-4847-AA97-3C5048231B64}"
EndProject
Project("{2150E333-8FDC-42A3-9474-1A3956D46DE8}") = "tests", "tests", "{A1B2C3D4-E5F6-7890-ABCD-EF1234567891}"
EndProject
Project("{2150E333-8FDC-42A3-9474-1A3956D46DE8}") = "samples", "samples", "{96EAD480-FA65-43E3-8BFE-729ACA084313}"
EndProject
Project("{9A19103F-16F7-4668-BE54-9A1E7A4F7556}") = "Phantom.Core", "src\Phantom.Core\Phantom.Core.csproj", "{6A3A4943-9FE8-4E7B-89FC-9EC7E4934127}"
EndProject
Project("{9A19103F-16F7-4668-BE54-9A1E7A4F7556}") = "Phantom.CQRS", "src\Phantom.CQRS\Phantom.CQRS.csproj", "{3E0C6610-8224-43DD-A18F-90E4760B0AC3}"
EndProject
Project("{9A19103F-16F7-4668-BE54-9A1E7A4F7556}") = "Phantom.Messaging", "src\Phantom.Messaging\Phantom.Messaging.csproj", "{B1C2D3E4-F5A6-7890-ABCD-EF1234567890}"
EndProject
Project("{9A19103F-16F7-4668-BE54-9A1E7A4F7556}") = "Phantom.Data", "src\Phantom.Data\Phantom.Data.csproj", "{C2D3E4F5-A6B7-8901-BCDE-F12345678901}"
EndProject
Project("{9A19103F-16F7-4668-BE54-9A1E7A4F7556}") = "Phantom.NET", "src\Phantom.NET\Phantom.NET.csproj", "{D3E4F5A6-B7C8-9012-CDEF-123456789012}"
EndProject
Project("{9A19103F-16F7-4668-BE54-9A1E7A4F7556}") = "Phantom.Infrastructure.Abstractions", "src\Phantom.Infrastructure.Abstractions\Phantom.Infrastructure.Abstractions.csproj", "{F4E5A6B7-C8D9-0123-ABCD-EF1234567890}"
EndProject
Project("{9A19103F-16F7-4668-BE54-9A1E7A4F7556}") = "Phantom.Messaging.MessagePack", "src\Phantom.Messaging.MessagePack\Phantom.Messaging.MessagePack.csproj", "{B5C6D7E8-F9A0-1234-ABCD-EF1234567890}"
EndProject
Project("{9A19103F-16F7-4668-BE54-9A1E7A4F7556}") = "Phantom.Tests", "tests\Phantom.Tests\Phantom.Tests.csproj", "{226ED82F-BAEE-4072-9E42-2593F71C27EE}"
EndProject
Project("{9A19103F-16F7-4668-BE54-9A1E7A4F7556}") = "ECommerce.Domain", "samples\ECommerce\ECommerce.Domain\ECommerce.Domain.csproj", "{A1B2C3D4-E5F6-7890-ABCD-EF1234567890}"
EndProject
Project("{9A19103F-16F7-4668-BE54-9A1E7A4F7556}") = "ECommerce.IntegrationContracts", "samples\ECommerce\ECommerce.IntegrationContracts\ECommerce.IntegrationContracts.csproj", "{A2B3C4D5-E6F7-7890-ABCD-EF1234567891}"
EndProject
Project("{9A19103F-16F7-4668-BE54-9A1E7A4F7556}") = "ECommerce.Application", "samples\ECommerce\ECommerce.Application\ECommerce.Application.csproj", "{A3B4C5D6-E7F8-7890-ABCD-EF1234567892}"
EndProject
Project("{9A19103F-16F7-4668-BE54-9A1E7A4F7556}") = "ECommerce.Infrastructure", "samples\ECommerce\ECommerce.Infrastructure\ECommerce.Infrastructure.csproj", "{A4B5C6D7-E8F9-7890-ABCD-EF1234567893}"
EndProject
Project("{9A19103F-16F7-4668-BE54-9A1E7A4F7556}") = "ECommerce.Api", "samples\ECommerce\ECommerce.Api\ECommerce.Api.csproj", "{A5B6C7D8-E9FA-7890-ABCD-EF1234567894}"
EndProject
Project("{9A19103F-16F7-4668-BE54-9A1E7A4F7556}") = "Phantom.CQRS.SourceGenerator", "src\Phantom.CQRS.SourceGenerator\Phantom.CQRS.SourceGenerator.csproj", "{E5F6A7B8-C9D0-1234-ABCD-EF1234567890}"
EndProject
Global
	GlobalSection(SolutionConfigurationPlatforms) = preSolution
		Debug|Any CPU = Debug|Any CPU
		Release|Any CPU = Release|Any CPU
	EndGlobalSection
	GlobalSection(ProjectConfigurationPlatforms) = postSolution
		{6A3A4943-9FE8-4E7B-89FC-9EC7E4934127}.Debug|Any CPU.ActiveCfg = Debug|Any CPU
		{6A3A4943-9FE8-4E7B-89FC-9EC7E4934127}.Debug|Any CPU.Build.0 = Debug|Any CPU
		{6A3A4943-9FE8-4E7B-89FC-9EC7E4934127}.Release|Any CPU.ActiveCfg = Release|Any CPU
		{6A3A4943-9FE8-4E7B-89FC-9EC7E4934127}.Release|Any CPU.Build.0 = Release|Any CPU
		{3E0C6610-8224-43DD-A18F-90E4760B0AC3}.Debug|Any CPU.ActiveCfg = Debug|Any CPU
		{3E0C6610-8224-43DD-A18F-90E4760B0AC3}.Debug|Any CPU.Build.0 = Debug|Any CPU
		{3E0C6610-8224-43DD-A18F-90E4760B0AC3}.Release|Any CPU.ActiveCfg = Release|Any CPU
		{3E0C6610-8224-43DD-A18F-90E4760B0AC3}.Release|Any CPU.Build.0 = Release|Any CPU
		{B1C2D3E4-F5A6-7890-ABCD-EF1234567890}.Debug|Any CPU.ActiveCfg = Debug|Any CPU
		{B1C2D3E4-F5A6-7890-ABCD-EF1234567890}.Debug|Any CPU.Build.0 = Debug|Any CPU
		{B1C2D3E4-F5A6-7890-ABCD-EF1234567890}.Release|Any CPU.ActiveCfg = Release|Any CPU
		{B1C2D3E4-F5A6-7890-ABCD-EF1234567890}.Release|Any CPU.Build.0 = Release|Any CPU
		{C2D3E4F5-A6B7-8901-BCDE-F12345678901}.Debug|Any CPU.ActiveCfg = Debug|Any CPU
		{C2D3E4F5-A6B7-8901-BCDE-F12345678901}.Debug|Any CPU.Build.0 = Debug|Any CPU
		{C2D3E4F5-A6B7-8901-BCDE-F12345678901}.Release|Any CPU.ActiveCfg = Release|Any CPU
		{C2D3E4F5-A6B7-8901-BCDE-F12345678901}.Release|Any CPU.Build.0 = Release|Any CPU
		{D3E4F5A6-B7C8-9012-CDEF-123456789012}.Debug|Any CPU.ActiveCfg = Debug|Any CPU
		{D3E4F5A6-B7C8-9012-CDEF-123456789012}.Debug|Any CPU.Build.0 = Debug|Any CPU
		{D3E4F5A6-B7C8-9012-CDEF-123456789012}.Release|Any CPU.ActiveCfg = Release|Any CPU
		{D3E4F5A6-B7C8-9012-CDEF-123456789012}.Release|Any CPU.Build.0 = Release|Any CPU
		{F4E5A6B7-C8D9-0123-ABCD-EF1234567890}.Debug|Any CPU.ActiveCfg = Debug|Any CPU
		{F4E5A6B7-C8D9-0123-ABCD-EF1234567890}.Debug|Any CPU.Build.0 = Debug|Any CPU
		{F4E5A6B7-C8D9-0123-ABCD-EF1234567890}.Release|Any CPU.ActiveCfg = Release|Any CPU
		{F4E5A6B7-C8D9-0123-ABCD-EF1234567890}.Release|Any CPU.Build.0 = Release|Any CPU
		{B5C6D7E8-F9A0-1234-ABCD-EF1234567890}.Debug|Any CPU.ActiveCfg = Debug|Any CPU
		{B5C6D7E8-F9A0-1234-ABCD-EF1234567890}.Debug|Any CPU.Build.0 = Debug|Any CPU
		{B5C6D7E8-F9A0-1234-ABCD-EF1234567890}.Release|Any CPU.ActiveCfg = Release|Any CPU
		{B5C6D7E8-F9A0-1234-ABCD-EF1234567890}.Release|Any CPU.Build.0 = Release|Any CPU
		{226ED82F-BAEE-4072-9E42-2593F71C27EE}.Debug|Any CPU.ActiveCfg = Debug|Any CPU
		{226ED82F-BAEE-4072-9E42-2593F71C27EE}.Debug|Any CPU.Build.0 = Debug|Any CPU
		{226ED82F-BAEE-4072-9E42-2593F71C27EE}.Release|Any CPU.ActiveCfg = Release|Any CPU
		{226ED82F-BAEE-4072-9E42-2593F71C27EE}.Release|Any CPU.Build.0 = Release|Any CPU
		{A1B2C3D4-E5F6-7890-ABCD-EF1234567890}.Debug|Any CPU.ActiveCfg = Debug|Any CPU
		{A1B2C3D4-E5F6-7890-ABCD-EF1234567890}.Debug|Any CPU.Build.0 = Debug|Any CPU
		{A1B2C3D4-E5F6-7890-ABCD-EF1234567890}.Release|Any CPU.ActiveCfg = Release|Any CPU
		{A1B2C3D4-E5F6-7890-ABCD-EF1234567890}.Release|Any CPU.Build.0 = Release|Any CPU
		{A2B3C4D5-E6F7-7890-ABCD-EF1234567891}.Debug|Any CPU.ActiveCfg = Debug|Any CPU
		{A2B3C4D5-E6F7-7890-ABCD-EF1234567891}.Debug|Any CPU.Build.0 = Debug|Any CPU
		{A2B3C4D5-E6F7-7890-ABCD-EF1234567891}.Release|Any CPU.ActiveCfg = Release|Any CPU
		{A2B3C4D5-E6F7-7890-ABCD-EF1234567891}.Release|Any CPU.Build.0 = Release|Any CPU
		{A3B4C5D6-E7F8-7890-ABCD-EF1234567892}.Debug|Any CPU.ActiveCfg = Debug|Any CPU
		{A3B4C5D6-E7F8-7890-ABCD-EF1234567892}.Debug|Any CPU.Build.0 = Debug|Any CPU
		{A3B4C5D6-E7F8-7890-ABCD-EF1234567892}.Release|Any CPU.ActiveCfg = Release|Any CPU
		{A3B4C5D6-E7F8-7890-ABCD-EF1234567892}.Release|Any CPU.Build.0 = Release|Any CPU
		{A4B5C6D7-E8F9-7890-ABCD-EF1234567893}.Debug|Any CPU.ActiveCfg = Debug|Any CPU
		{A4B5C6D7-E8F9-7890-ABCD-EF1234567893}.Debug|Any CPU.Build.0 = Debug|Any CPU
		{A4B5C6D7-E8F9-7890-ABCD-EF1234567893}.Release|Any CPU.ActiveCfg = Release|Any CPU
		{A4B5C6D7-E8F9-7890-ABCD-EF1234567893}.Release|Any CPU.Build.0 = Release|Any CPU
		{A5B6C7D8-E9FA-7890-ABCD-EF1234567894}.Debug|Any CPU.ActiveCfg = Debug|Any CPU
		{A5B6C7D8-E9FA-7890-ABCD-EF1234567894}.Debug|Any CPU.Build.0 = Debug|Any CPU
		{A5B6C7D8-E9FA-7890-ABCD-EF1234567894}.Release|Any CPU.ActiveCfg = Release|Any CPU
		{A5B6C7D8-E9FA-7890-ABCD-EF1234567894}.Release|Any CPU.Build.0 = Release|Any CPU
		{E5F6A7B8-C9D0-1234-ABCD-EF1234567890}.Debug|Any CPU.ActiveCfg = Debug|Any CPU
		{E5F6A7B8-C9D0-1234-ABCD-EF1234567890}.Debug|Any CPU.Build.0 = Debug|Any CPU
		{E5F6A7B8-C9D0-1234-ABCD-EF1234567890}.Release|Any CPU.ActiveCfg = Release|Any CPU
		{E5F6A7B8-C9D0-1234-ABCD-EF1234567890}.Release|Any CPU.Build.0 = Release|Any CPU
	EndGlobalSection
	GlobalSection(SolutionProperties) = preSolution
		HideSolutionNode = FALSE
	EndGlobalSection
	GlobalSection(NestedProjects) = preSolution
		{6A3A4943-9FE8-4E7B-89FC-9EC7E4934127} = {39440981-0299-4847-AA97-3C5048231B64}
		{3E0C6610-8224-43DD-A18F-90E4760B0AC3} = {39440981-0299-4847-AA97-3C5048231B64}
		{B1C2D3E4-F5A6-7890-ABCD-EF1234567890} = {39440981-0299-4847-AA97-3C5048231B64}
		{C2D3E4F5-A6B7-8901-BCDE-F12345678901} = {39440981-0299-4847-AA97-3C5048231B64}
		{D3E4F5A6-B7C8-9012-CDEF-123456789012} = {39440981-0299-4847-AA97-3C5048231B64}
		{F4E5A6B7-C8D9-0123-ABCD-EF1234567890} = {39440981-0299-4847-AA97-3C5048231B64}
		{B5C6D7E8-F9A0-1234-ABCD-EF1234567890} = {39440981-0299-4847-AA97-3C5048231B64}
		{226ED82F-BAEE-4072-9E42-2593F71C27EE} = {A1B2C3D4-E5F6-7890-ABCD-EF1234567891}
		{A1B2C3D4-E5F6-7890-ABCD-EF1234567890} = {96EAD480-FA65-43E3-8BFE-729ACA084313}
		{A2B3C4D5-E6F7-7890-ABCD-EF1234567891} = {96EAD480-FA65-43E3-8BFE-729ACA084313}
		{A3B4C5D6-E7F8-7890-ABCD-EF1234567892} = {96EAD480-FA65-43E3-8BFE-729ACA084313}
		{A4B5C6D7-E8F9-7890-ABCD-EF1234567893} = {96EAD480-FA65-43E3-8BFE-729ACA084313}
		{A5B6C7D8-E9FA-7890-ABCD-EF1234567894} = {96EAD480-FA65-43E3-8BFE-729ACA084313}
		{E5F6A7B8-C9D0-1234-ABCD-EF1234567890} = {39440981-0299-4847-AA97-3C5048231B64}
	EndGlobalSection
	GlobalSection(ExtensibilityGlobals) = postSolution
		                SolutionGuid = {AF9A9A9A-2C1C-4314-8C47-F91F9CB6A6C4}
	EndGlobalSection
EndGlobal
