
Microsoft Visual Studio Solution File, Format Version 12.00
# Visual Studio Version 17
VisualStudioVersion = 17.10.35122.118
MinimumVisualStudioVersion = 10.0.40219.1
Project("{2150E333-8FDC-42A3-9474-1A3956D46DE8}") = "src", "src", "{39440981-0299-4847-AA97-3C5048231B64}"
EndProject
Project("{2150E333-8FDC-42A3-9474-1A3956D46DE8}") = "samples", "samples", "{96EAD480-FA65-43E3-8BFE-729ACA084313}"
EndProject
Project("{9A19103F-16F7-4668-BE54-9A1E7A4F7556}") = "Phantom.Core", "Phantom.Core\Phantom.Core.csproj", "{6A3A4943-9FE8-4E7B-89FC-9EC7E4934127}"
EndProject
Project("{FAE04EC0-301F-11D3-BF4B-00C04F79EFBC}") = "Phantom.CQRS", "Phantom.CQRS\Phantom.CQRS.csproj", "{3E0C6610-8224-43DD-A18F-90E4760B0AC3}"
EndProject
Global
	GlobalSection(SolutionConfigurationPlatforms) = preSolution
		Debug|Any CPU = Debug|Any CPU
		Release|Any CPU = Release|Any CPU
	EndGlobalSection
	GlobalSection(ProjectConfigurationPlatforms) = postSolution
		{6A3A4943-9FE8-4E7B-89FC-9EC7E4934127}.Debug|Any CPU.ActiveCfg = Debug|Any CPU
		{6A3A4943-9FE8-4E7B-89FC-9EC7E4934127}.Debug|Any CPU.Build.0 = Debug|Any CPU
		{6A3A4943-9FE8-4E7B-89FC-9EC7E4934127}.Release|Any CPU.ActiveCfg = Release|Any CPU
		{6A3A4943-9FE8-4E7B-89FC-9EC7E4934127}.Release|Any CPU.Build.0 = Release|Any CPU
		{3E0C6610-8224-43DD-A18F-90E4760B0AC3}.Debug|Any CPU.ActiveCfg = Debug|Any CPU
		{3E0C6610-8224-43DD-A18F-90E4760B0AC3}.Debug|Any CPU.Build.0 = Debug|Any CPU
		{3E0C6610-8224-43DD-A18F-90E4760B0AC3}.Release|Any CPU.ActiveCfg = Release|Any CPU
		{3E0C6610-8224-43DD-A18F-90E4760B0AC3}.Release|Any CPU.Build.0 = Release|Any CPU
	EndGlobalSection
	GlobalSection(SolutionProperties) = preSolution
		HideSolutionNode = FALSE
	EndGlobalSection
	GlobalSection(NestedProjects) = preSolution
		{6A3A4943-9FE8-4E7B-89FC-9EC7E4934127} = {39440981-0299-4847-AA97-3C5048231B64}
		{3E0C6610-8224-43DD-A18F-90E4760B0AC3} = {39440981-0299-4847-AA97-3C5048231B64}
	EndGlobalSection
	GlobalSection(ExtensibilityGlobals) = postSolution
		SolutionGuid = {AF9A9A9A-2C1C-4314-8C47-F91F9CB6A6C4}
	EndGlobalSection
EndGlobal
